<?xml version="1.0" encoding="UTF-8" standalone="yes" ?>
<CodeBlocks_project_file>
	<FileVersion major="1" minor="6" />
	<Project>
		<Option title="gl-game" />
		<Option platforms="Windows;" />
		<Option pch_mode="2" />
		<Option compiler="gcc-msys2-mingw64" />
		<Build>
			<Target title="Debug">
				<Option output="bin/Debug/gl-game" prefix_auto="1" extension_auto="1" />
				<Option object_output="obj/Debug/" />
				<Option type="1" />
				<Option compiler="gcc-msys2-mingw64" />
				<Option use_console_runner="0" />
				<Compiler>
					<Add option="-std=c++17" />
					<Add option="-m64" />
					<Add option="-g" />
					<Add option="-finput-charset=UTF-8" />
					<Add option="-fexec-charset=850" />
					<Add option="-DGLEW_STATIC" />
					<Add directory="deps/glew-2.1.0/include" />
					<Add directory="deps/glfw-3.3.2.bin.WIN64/include" />
					<Add directory="deps/libsrt-cebf7ca/src" />
				</Compiler>
				<Linker>
					<Add option="-static" />
					<Add option="-m64" />
					<Add library="deps/glew-2.1.0/lib/libglew32.a" />
					<Add library="deps/glfw-3.3.2.bin.WIN64/lib-mingw-w64/libglfw3.a" />
					<Add library="opengl32 -lglu32 -lgdi32" />
					<Add library="deps/libsrt-cebf7ca/libsrt.a" />
				</Linker>
			</Target>
			<Target title="Release">
				<Option output="bin/Release/gl-game" prefix_auto="1" extension_auto="1" />
				<Option object_output="obj/Release/" />
				<Option type="1" />
				<Option compiler="gcc-msys2-mingw64" />
				<Option use_console_runner="0" />
				<Compiler>
					<Add option="-O2" />
					<Add option="-std=c++11" />
					<Add option="-std=c99" />
					<Add option="-m64" />
					<Add option="-DGLEW_STATIC" />
					<Add directory="glew-2.1.0/include" />
					<Add directory="glfw-3.3.2.bin.WIN64/include" />
					<Add directory="libsrt-cebf7ca/src" />
				</Compiler>
				<Linker>
					<Add option="-s" />
					<Add option="-static" />
					<Add option="-m64" />
					<Add library="deps/glew-2.1.0/lib/libglew32.a" />
					<Add library="deps/glfw-3.3.2.bin.WIN64/lib-mingw-w64/libglfw3.a" />
					<Add library="opengl32 -lglu32 -lgdi32" />
					<Add library="deps/libsrt-cebf7ca/libsrt.a" />
				</Linker>
			</Target>
		</Build>
		<Compiler>
			<Add option="-Wall" />
			<Add directory="$(PROJECT_DIR)/" />
		</Compiler>
		<Unit filename="asset/asciiextse146-transp.png" />
		<Unit filename="asset/blw.png" />
		<Unit filename="asset/circle.png" />
		<Unit filename="asset/crate.png" />
		<Unit filename="asset/game-hero.png" />
		<Unit filename="asset/ground.png" />
		<Unit filename="asset/hill kopia.png" />
		<Unit filename="asset/hill.png" />
		<Unit filename="asset/hill2.png" />
		<Unit filename="asset/hill3.png" />
		<Unit filename="asset/pino.png" />
		<Unit filename="asset/signpost.png" />
		<Unit filename="asset/wall.png" />
		<Unit filename="impl/Engine/sprite.cpp" />
		<Unit filename="impl/Engine/sprite.h" />
		<Unit filename="impl/Engine/sprite_collider.cpp" />
		<Unit filename="impl/Engine/sprite_collider.h" />
		<Unit filename="impl/Engine/text_sprite.cpp" />
		<Unit filename="impl/Engine/text_sprite.h" />
		<Unit filename="impl/Game/level.cpp" />
		<Unit filename="impl/Game/level.h" />
		<Unit filename="impl/Game/maze.cpp" />
		<Unit filename="impl/Game/maze.h" />
		<Unit filename="impl/Game/start.cpp" />
		<Unit filename="impl/Game/start.h" />
		<Unit filename="impl/Util/a_star.cpp" />
		<Unit filename="impl/Util/a_star.h" />
		<Unit filename="impl/Util/draw.cpp" />
		<Unit filename="impl/Util/draw.h" />
		<Unit filename="impl/Util/glfw_helper.cpp" />
		<Unit filename="impl/Util/glfw_helper.h" />
		<Unit filename="impl/Util/mat4.cpp" />
		<Unit filename="impl/Util/mat4.h" />
		<Unit filename="impl/Util/noise.cpp" />
		<Unit filename="impl/Util/noise.h" />
		<Unit filename="impl/Util/shaders.cpp" />
		<Unit filename="impl/Util/shaders.h" />
		<Unit filename="impl/Util/sorted_set.cpp" />
		<Unit filename="impl/Util/sorted_set.h" />
		<Unit filename="impl/Util/unbuffered.h" />
		<Unit filename="impl/Util/vec3.cpp" />
		<Unit filename="impl/Util/vec3.h" />
		<Unit filename="impl/Util/vertex_gen.cpp" />
		<Unit filename="impl/Util/vertex_gen.h" />
		<Unit filename="impl/main.cpp" />
		<Unit filename="impl/main.h" />
		<Extensions>
			<code_completion>
				<search_path add="C:\Users\Axel\code\gl-game\" />
			</code_completion>
		</Extensions>
	</Project>
</CodeBlocks_project_file>
