<?xml version="1.0" encoding="UTF-8" standalone="yes" ?>
<CodeBlocks_project_file>
	<FileVersion major="1" minor="6" />
	<Project>
		<Option title="gl-game" />
		<Option platforms="Windows;" />
		<Option pch_mode="2" />
		<Option compiler="gcc" />
		<Build>
			<Target title="Debug">
				<Option output="bin/Debug/gl-game" prefix_auto="1" extension_auto="1" />
				<Option object_output="obj/Debug/" />
				<Option type="1" />
				<Option compiler="gcc" />
				<Compiler>
					<Add option="-std=c99" />
					<Add option="-m64" />
					<Add option="-DGLEW_STATIC" />
					<Add directory="glew-2.1.0/include" />
					<Add directory="glfw-3.3.2.bin.WIN64/include" />
					<Add directory="libsrt-cebf7ca/src" />
				</Compiler>
				<Linker>
					<Add option="-static" />
					<Add option="-m64" />
					<Add library="glew-2.1.0/lib/libglew32.a" />
					<Add library="glfw-3.3.2.bin.WIN64/lib-mingw-w64/libglfw3.a" />
					<Add library="opengl32 -lglu32 -lgdi32" />
					<Add library="libsrt-cebf7ca/libsrt.a" />
				</Linker>
			</Target>
			<Target title="Release">
				<Option output="bin/Release/gl-game" prefix_auto="1" extension_auto="1" />
				<Option object_output="obj/Release/" />
				<Option type="1" />
				<Option compiler="gcc" />
				<Option use_console_runner="0" />
				<Compiler>
					<Add option="-O2" />
					<Add option="-std=c99" />
					<Add option="-m64" />
					<Add option="-DGLEW_STATIC" />
					<Add directory="glew-2.1.0/include" />
					<Add directory="glfw-3.3.2.bin.WIN64/include" />
					<Add directory="libsrt-cebf7ca/src" />
				</Compiler>
				<Linker>
					<Add option="-s" />
					<Add option="-static" />
					<Add option="-m64" />
					<Add library="glew-2.1.0/lib/libglew32.a" />
					<Add library="glfw-3.3.2.bin.WIN64/lib-mingw-w64/libglfw3.a" />
					<Add library="opengl32 -lglu32 -lgdi32" />
					<Add library="libsrt-cebf7ca/libsrt.a" />
				</Linker>
			</Target>
		</Build>
		<Compiler>
			<Add option="-Wall" />
		</Compiler>
		<Unit filename="a_star.cpp" />
		<Unit filename="a_star.h" />
		<Unit filename="draw.cpp" />
		<Unit filename="draw.h" />
		<Unit filename="game-hero.png" />
		<Unit filename="ground.png" />
		<Unit filename="hill kopia.png" />
		<Unit filename="hill.png" />
		<Unit filename="hill2.png" />
		<Unit filename="hill3.png" />
		<Unit filename="level.cpp" />
		<Unit filename="level.h" />
		<Unit filename="main.cpp" />
		<Unit filename="main.h" />
		<Unit filename="mat4.cpp" />
		<Unit filename="mat4.h" />
		<Unit filename="shaders.cpp" />
		<Unit filename="shaders.h" />
		<Unit filename="sorted_set.cpp" />
		<Unit filename="sorted_set.h" />
		<Unit filename="sprite.cpp" />
		<Unit filename="sprite.h" />
		<Unit filename="sprite_collider.cpp" />
		<Unit filename="sprite_collider.h" />
		<Unit filename="stb_image.h" />
		<Unit filename="unbuffered.h" />
		<Unit filename="util.cpp" />
		<Unit filename="util.h" />
		<Unit filename="vec3.cpp" />
		<Unit filename="vec3.h" />
		<Unit filename="vertex_gen.cpp" />
		<Unit filename="vertex_gen.h" />
		<Extensions>
			<code_completion>
				<search_path add="C:\Users\Axel\code\gl-game\" />
			</code_completion>
		</Extensions>
	</Project>
</CodeBlocks_project_file>
